// !$*UTF8*$!
{
	archiveVersion = 1;
	classes = {
	};
	objectVersion = 56;
	objects = {

/* Begin PBXBuildFile section */
		8D4412612C88230600071855 /* AppDelegate.swift in Sources */ = {isa = PBXBuildFile; fileRef = 8D4412602C88230600071855 /* AppDelegate.swift */; };
		8D4412632C88230600071855 /* SceneDelegate.swift in Sources */ = {isa = PBXBuildFile; fileRef = 8D4412622C88230600071855 /* SceneDelegate.swift */; };
		8D4412652C88230600071855 /* MainCollectionViewController.swift in Sources */ = {isa = PBXBuildFile; fileRef = 8D4412642C88230600071855 /* MainCollectionViewController.swift */; };
		8D44126A2C88230800071855 /* Assets.xcassets in Resources */ = {isa = PBXBuildFile; fileRef = 8D4412692C88230800071855 /* Assets.xcassets */; };
		8D44126D2C88230800071855 /* Base in Resources */ = {isa = PBXBuildFile; fileRef = 8D44126C2C88230800071855 /* Base */; };
		8D4412782C88230900071855 /* miniSuperAppTests.swift in Sources */ = {isa = PBXBuildFile; fileRef = 8D4412772C88230900071855 /* miniSuperAppTests.swift */; };
		8D4412822C88230900071855 /* miniSuperAppUITests.swift in Sources */ = {isa = PBXBuildFile; fileRef = 8D4412812C88230900071855 /* miniSuperAppUITests.swift */; };
		8D4412842C88230900071855 /* miniSuperAppUITestsLaunchTests.swift in Sources */ = {isa = PBXBuildFile; fileRef = 8D4412832C88230900071855 /* miniSuperAppUITestsLaunchTests.swift */; };
		8D4412962C88247300071855 /* MainCollectionViewModel.swift in Sources */ = {isa = PBXBuildFile; fileRef = 8D4412952C88247300071855 /* MainCollectionViewModel.swift */; };
		8D4412992C8825A500071855 /* AppDataModel.swift in Sources */ = {isa = PBXBuildFile; fileRef = 8D4412982C8825A500071855 /* AppDataModel.swift */; };
		8D44129C2C88288B00071855 /* MainCollectionViewCell.swift in Sources */ = {isa = PBXBuildFile; fileRef = 8D44129B2C88288B00071855 /* MainCollectionViewCell.swift */; };
		8D44129F2C8828F500071855 /* MainCollectionViewCellViewModel.swift in Sources */ = {isa = PBXBuildFile; fileRef = 8D44129E2C8828F500071855 /* MainCollectionViewCellViewModel.swift */; };
/* End PBXBuildFile section */

/* Begin PBXContainerItemProxy section */
		8D4412742C88230900071855 /* PBXContainerItemProxy */ = {
			isa = PBXContainerItemProxy;
			containerPortal = 8D4412552C88230600071855 /* Project object */;
			proxyType = 1;
			remoteGlobalIDString = 8D44125C2C88230600071855;
			remoteInfo = miniSuperApp;
		};
		8D44127E2C88230900071855 /* PBXContainerItemProxy */ = {
			isa = PBXContainerItemProxy;
			containerPortal = 8D4412552C88230600071855 /* Project object */;
			proxyType = 1;
			remoteGlobalIDString = 8D44125C2C88230600071855;
			remoteInfo = miniSuperApp;
		};
/* End PBXContainerItemProxy section */

/* Begin PBXFileReference section */
		8D44125D2C88230600071855 /* miniSuperApp.app */ = {isa = PBXFileReference; explicitFileType = wrapper.application; includeInIndex = 0; path = miniSuperApp.app; sourceTree = BUILT_PRODUCTS_DIR; };
		8D4412602C88230600071855 /* AppDelegate.swift */ = {isa = PBXFileReference; lastKnownFileType = sourcecode.swift; path = AppDelegate.swift; sourceTree = "<group>"; };
		8D4412622C88230600071855 /* SceneDelegate.swift */ = {isa = PBXFileReference; lastKnownFileType = sourcecode.swift; path = SceneDelegate.swift; sourceTree = "<group>"; };
		8D4412642C88230600071855 /* MainCollectionViewController.swift */ = {isa = PBXFileReference; lastKnownFileType = sourcecode.swift; path = MainCollectionViewController.swift; sourceTree = "<group>"; };
		8D4412692C88230800071855 /* Assets.xcassets */ = {isa = PBXFileReference; lastKnownFileType = folder.assetcatalog; path = Assets.xcassets; sourceTree = "<group>"; };
		8D44126C2C88230800071855 /* Base */ = {isa = PBXFileReference; lastKnownFileType = file.storyboard; name = Base; path = Base.lproj/LaunchScreen.storyboard; sourceTree = "<group>"; };
		8D44126E2C88230800071855 /* Info.plist */ = {isa = PBXFileReference; lastKnownFileType = text.plist.xml; path = Info.plist; sourceTree = "<group>"; };
		8D4412732C88230900071855 /* miniSuperAppTests.xctest */ = {isa = PBXFileReference; explicitFileType = wrapper.cfbundle; includeInIndex = 0; path = miniSuperAppTests.xctest; sourceTree = BUILT_PRODUCTS_DIR; };
		8D4412772C88230900071855 /* miniSuperAppTests.swift */ = {isa = PBXFileReference; lastKnownFileType = sourcecode.swift; path = miniSuperAppTests.swift; sourceTree = "<group>"; };
		8D44127D2C88230900071855 /* miniSuperAppUITests.xctest */ = {isa = PBXFileReference; explicitFileType = wrapper.cfbundle; includeInIndex = 0; path = miniSuperAppUITests.xctest; sourceTree = BUILT_PRODUCTS_DIR; };
		8D4412812C88230900071855 /* miniSuperAppUITests.swift */ = {isa = PBXFileReference; lastKnownFileType = sourcecode.swift; path = miniSuperAppUITests.swift; sourceTree = "<group>"; };
		8D4412832C88230900071855 /* miniSuperAppUITestsLaunchTests.swift */ = {isa = PBXFileReference; lastKnownFileType = sourcecode.swift; path = miniSuperAppUITestsLaunchTests.swift; sourceTree = "<group>"; };
		8D4412952C88247300071855 /* MainCollectionViewModel.swift */ = {isa = PBXFileReference; lastKnownFileType = sourcecode.swift; path = MainCollectionViewModel.swift; sourceTree = "<group>"; };
		8D4412982C8825A500071855 /* AppDataModel.swift */ = {isa = PBXFileReference; lastKnownFileType = sourcecode.swift; path = AppDataModel.swift; sourceTree = "<group>"; };
		8D44129B2C88288B00071855 /* MainCollectionViewCell.swift */ = {isa = PBXFileReference; lastKnownFileType = sourcecode.swift; path = MainCollectionViewCell.swift; sourceTree = "<group>"; };
		8D44129E2C8828F500071855 /* MainCollectionViewCellViewModel.swift */ = {isa = PBXFileReference; lastKnownFileType = sourcecode.swift; path = MainCollectionViewCellViewModel.swift; sourceTree = "<group>"; };
/* End PBXFileReference section */

/* Begin PBXFrameworksBuildPhase section */
		8D44125A2C88230600071855 /* Frameworks */ = {
			isa = PBXFrameworksBuildPhase;
			buildActionMask = 2147483647;
			files = (
			);
			runOnlyForDeploymentPostprocessing = 0;
		};
		8D4412702C88230900071855 /* Frameworks */ = {
			isa = PBXFrameworksBuildPhase;
			buildActionMask = 2147483647;
			files = (
			);
			runOnlyForDeploymentPostprocessing = 0;
		};
		8D44127A2C88230900071855 /* Frameworks */ = {
			isa = PBXFrameworksBuildPhase;
			buildActionMask = 2147483647;
			files = (
			);
			runOnlyForDeploymentPostprocessing = 0;
		};
/* End PBXFrameworksBuildPhase section */

/* Begin PBXGroup section */
		8D4412542C88230600071855 = {
			isa = PBXGroup;
			children = (
				8D44125F2C88230600071855 /* miniSuperApp */,
				8D4412762C88230900071855 /* miniSuperAppTests */,
				8D4412802C88230900071855 /* miniSuperAppUITests */,
				8D44125E2C88230600071855 /* Products */,
			);
			sourceTree = "<group>";
		};
		8D44125E2C88230600071855 /* Products */ = {
			isa = PBXGroup;
			children = (
				8D44125D2C88230600071855 /* miniSuperApp.app */,
				8D4412732C88230900071855 /* miniSuperAppTests.xctest */,
				8D44127D2C88230900071855 /* miniSuperAppUITests.xctest */,
			);
			name = Products;
			sourceTree = "<group>";
		};
		8D44125F2C88230600071855 /* miniSuperApp */ = {
			isa = PBXGroup;
			children = (
				8D4412912C8823D300071855 /* Application */,
				8D4412922C8823DC00071855 /* MainCollectionScene */,
				8D4412972C88258400071855 /* DataModel */,
				8D4412902C8823BA00071855 /* Support Files */,
			);
			path = miniSuperApp;
			sourceTree = "<group>";
		};
		8D4412762C88230900071855 /* miniSuperAppTests */ = {
			isa = PBXGroup;
			children = (
				8D4412772C88230900071855 /* miniSuperAppTests.swift */,
			);
			path = miniSuperAppTests;
			sourceTree = "<group>";
		};
		8D4412802C88230900071855 /* miniSuperAppUITests */ = {
			isa = PBXGroup;
			children = (
				8D4412812C88230900071855 /* miniSuperAppUITests.swift */,
				8D4412832C88230900071855 /* miniSuperAppUITestsLaunchTests.swift */,
			);
			path = miniSuperAppUITests;
			sourceTree = "<group>";
		};
		8D4412902C8823BA00071855 /* Support Files */ = {
			isa = PBXGroup;
			children = (
				8D4412692C88230800071855 /* Assets.xcassets */,
				8D44126B2C88230800071855 /* LaunchScreen.storyboard */,
				8D44126E2C88230800071855 /* Info.plist */,
			);
			path = "Support Files";
			sourceTree = "<group>";
		};
		8D4412912C8823D300071855 /* Application */ = {
			isa = PBXGroup;
			children = (
				8D4412602C88230600071855 /* AppDelegate.swift */,
				8D4412622C88230600071855 /* SceneDelegate.swift */,
			);
			path = Application;
			sourceTree = "<group>";
		};
		8D4412922C8823DC00071855 /* MainCollectionScene */ = {
			isa = PBXGroup;
			children = (
				8D4412942C88241E00071855 /* ViewModel */,
				8D4412932C88241500071855 /* View */,
			);
			path = MainCollectionScene;
			sourceTree = "<group>";
		};
		8D4412932C88241500071855 /* View */ = {
			isa = PBXGroup;
			children = (
				8D4412642C88230600071855 /* MainCollectionViewController.swift */,
				8D44129A2C88280400071855 /* CollectionViewCell */,
			);
			path = View;
			sourceTree = "<group>";
		};
		8D4412942C88241E00071855 /* ViewModel */ = {
			isa = PBXGroup;
			children = (
				8D4412952C88247300071855 /* MainCollectionViewModel.swift */,
				8D44129D2C8828DF00071855 /* MainCollectionViewCellViewModel */,
			);
			path = ViewModel;
			sourceTree = "<group>";
		};
		8D4412972C88258400071855 /* DataModel */ = {
			isa = PBXGroup;
			children = (
				8D4412982C8825A500071855 /* AppDataModel.swift */,
			);
			path = DataModel;
			sourceTree = "<group>";
		};
		8D44129A2C88280400071855 /* CollectionViewCell */ = {
			isa = PBXGroup;
			children = (
				8D44129B2C88288B00071855 /* MainCollectionViewCell.swift */,
			);
			path = CollectionViewCell;
			sourceTree = "<group>";
		};
		8D44129D2C8828DF00071855 /* MainCollectionViewCellViewModel */ = {
			isa = PBXGroup;
			children = (
				8D44129E2C8828F500071855 /* MainCollectionViewCellViewModel.swift */,
			);
			path = MainCollectionViewCellViewModel;
			sourceTree = "<group>";
		};
/* End PBXGroup section */

/* Begin PBXNativeTarget section */
		8D44125C2C88230600071855 /* miniSuperApp */ = {
			isa = PBXNativeTarget;
			buildConfigurationList = 8D4412872C88230900071855 /* Build configuration list for PBXNativeTarget "miniSuperApp" */;
			buildPhases = (
				8D4412592C88230600071855 /* Sources */,
				8D44125A2C88230600071855 /* Frameworks */,
				8D44125B2C88230600071855 /* Resources */,
			);
			buildRules = (
			);
			dependencies = (
			);
			name = miniSuperApp;
			productName = miniSuperApp;
			productReference = 8D44125D2C88230600071855 /* miniSuperApp.app */;
			productType = "com.apple.product-type.application";
		};
		8D4412722C88230900071855 /* miniSuperAppTests */ = {
			isa = PBXNativeTarget;
			buildConfigurationList = 8D44128A2C88230900071855 /* Build configuration list for PBXNativeTarget "miniSuperAppTests" */;
			buildPhases = (
				8D44126F2C88230900071855 /* Sources */,
				8D4412702C88230900071855 /* Frameworks */,
				8D4412712C88230900071855 /* Resources */,
			);
			buildRules = (
			);
			dependencies = (
				8D4412752C88230900071855 /* PBXTargetDependency */,
			);
			name = miniSuperAppTests;
			productName = miniSuperAppTests;
			productReference = 8D4412732C88230900071855 /* miniSuperAppTests.xctest */;
			productType = "com.apple.product-type.bundle.unit-test";
		};
		8D44127C2C88230900071855 /* miniSuperAppUITests */ = {
			isa = PBXNativeTarget;
			buildConfigurationList = 8D44128D2C88230900071855 /* Build configuration list for PBXNativeTarget "miniSuperAppUITests" */;
			buildPhases = (
				8D4412792C88230900071855 /* Sources */,
				8D44127A2C88230900071855 /* Frameworks */,
				8D44127B2C88230900071855 /* Resources */,
			);
			buildRules = (
			);
			dependencies = (
				8D44127F2C88230900071855 /* PBXTargetDependency */,
			);
			name = miniSuperAppUITests;
			productName = miniSuperAppUITests;
			productReference = 8D44127D2C88230900071855 /* miniSuperAppUITests.xctest */;
			productType = "com.apple.product-type.bundle.ui-testing";
		};
/* End PBXNativeTarget section */

/* Begin PBXProject section */
		8D4412552C88230600071855 /* Project object */ = {
			isa = PBXProject;
			attributes = {
				BuildIndependentTargetsInParallel = 1;
				LastSwiftUpdateCheck = 1540;
				LastUpgradeCheck = 1540;
				TargetAttributes = {
					8D44125C2C88230600071855 = {
						CreatedOnToolsVersion = 15.4;
					};
					8D4412722C88230900071855 = {
						CreatedOnToolsVersion = 15.4;
						TestTargetID = 8D44125C2C88230600071855;
					};
					8D44127C2C88230900071855 = {
						CreatedOnToolsVersion = 15.4;
						TestTargetID = 8D44125C2C88230600071855;
					};
				};
			};
			buildConfigurationList = 8D4412582C88230600071855 /* Build configuration list for PBXProject "miniSuperApp" */;
			compatibilityVersion = "Xcode 14.0";
			developmentRegion = en;
			hasScannedForEncodings = 0;
			knownRegions = (
				en,
				Base,
			);
			mainGroup = 8D4412542C88230600071855;
			productRefGroup = 8D44125E2C88230600071855 /* Products */;
			projectDirPath = "";
			projectRoot = "";
			targets = (
				8D44125C2C88230600071855 /* miniSuperApp */,
				8D4412722C88230900071855 /* miniSuperAppTests */,
				8D44127C2C88230900071855 /* miniSuperAppUITests */,
			);
		};
/* End PBXProject section */

/* Begin PBXResourcesBuildPhase section */
		8D44125B2C88230600071855 /* Resources */ = {
			isa = PBXResourcesBuildPhase;
			buildActionMask = 2147483647;
			files = (
				8D44126A2C88230800071855 /* Assets.xcassets in Resources */,
				8D44126D2C88230800071855 /* Base in Resources */,
			);
			runOnlyForDeploymentPostprocessing = 0;
		};
		8D4412712C88230900071855 /* Resources */ = {
			isa = PBXResourcesBuildPhase;
			buildActionMask = 2147483647;
			files = (
			);
			runOnlyForDeploymentPostprocessing = 0;
		};
		8D44127B2C88230900071855 /* Resources */ = {
			isa = PBXResourcesBuildPhase;
			buildActionMask = 2147483647;
			files = (
			);
			runOnlyForDeploymentPostprocessing = 0;
		};
/* End PBXResourcesBuildPhase section */

/* Begin PBXSourcesBuildPhase section */
		8D4412592C88230600071855 /* Sources */ = {
			isa = PBXSourcesBuildPhase;
			buildActionMask = 2147483647;
			files = (
				8D4412652C88230600071855 /* MainCollectionViewController.swift in Sources */,
				8D44129C2C88288B00071855 /* MainCollectionViewCell.swift in Sources */,
				8D4412962C88247300071855 /* MainCollectionViewModel.swift in Sources */,
				8D4412612C88230600071855 /* AppDelegate.swift in Sources */,
				8D44129F2C8828F500071855 /* MainCollectionViewCellViewModel.swift in Sources */,
				8D4412632C88230600071855 /* SceneDelegate.swift in Sources */,
				8D4412992C8825A500071855 /* AppDataModel.swift in Sources */,
			);
			runOnlyForDeploymentPostprocessing = 0;
		};
		8D44126F2C88230900071855 /* Sources */ = {
			isa = PBXSourcesBuildPhase;
			buildActionMask = 2147483647;
			files = (
				8D4412782C88230900071855 /* miniSuperAppTests.swift in Sources */,
			);
			runOnlyForDeploymentPostprocessing = 0;
		};
		8D4412792C88230900071855 /* Sources */ = {
			isa = PBXSourcesBuildPhase;
			buildActionMask = 2147483647;
			files = (
				8D4412822C88230900071855 /* miniSuperAppUITests.swift in Sources */,
				8D4412842C88230900071855 /* miniSuperAppUITestsLaunchTests.swift in Sources */,
			);
			runOnlyForDeploymentPostprocessing = 0;
		};
/* End PBXSourcesBuildPhase section */

/* Begin PBXTargetDependency section */
		8D4412752C88230900071855 /* PBXTargetDependency */ = {
			isa = PBXTargetDependency;
			target = 8D44125C2C88230600071855 /* miniSuperApp */;
			targetProxy = 8D4412742C88230900071855 /* PBXContainerItemProxy */;
		};
		8D44127F2C88230900071855 /* PBXTargetDependency */ = {
			isa = PBXTargetDependency;
			target = 8D44125C2C88230600071855 /* miniSuperApp */;
			targetProxy = 8D44127E2C88230900071855 /* PBXContainerItemProxy */;
		};
/* End PBXTargetDependency section */

/* Begin PBXVariantGroup section */
		8D44126B2C88230800071855 /* LaunchScreen.storyboard */ = {
			isa = PBXVariantGroup;
			children = (
				8D44126C2C88230800071855 /* Base */,
			);
			name = LaunchScreen.storyboard;
			sourceTree = "<group>";
		};
/* End PBXVariantGroup section */

/* Begin XCBuildConfiguration section */
		8D4412852C88230900071855 /* Debug */ = {
			isa = XCBuildConfiguration;
			buildSettings = {
				ALWAYS_SEARCH_USER_PATHS = NO;
				ASSETCATALOG_COMPILER_GENERATE_SWIFT_ASSET_SYMBOL_EXTENSIONS = YES;
				CLANG_ANALYZER_NONNULL = YES;
				CLANG_ANALYZER_NUMBER_OBJECT_CONVERSION = YES_AGGRESSIVE;
				CLANG_CXX_LANGUAGE_STANDARD = "gnu++20";
				CLANG_ENABLE_MODULES = YES;
				CLANG_ENABLE_OBJC_ARC = YES;
				CLANG_ENABLE_OBJC_WEAK = YES;
				CLANG_WARN_BLOCK_CAPTURE_AUTORELEASING = YES;
				CLANG_WARN_BOOL_CONVERSION = YES;
				CLANG_WARN_COMMA = YES;
				CLANG_WARN_CONSTANT_CONVERSION = YES;
				CLANG_WARN_DEPRECATED_OBJC_IMPLEMENTATIONS = YES;
				CLANG_WARN_DIRECT_OBJC_ISA_USAGE = YES_ERROR;
				CLANG_WARN_DOCUMENTATION_COMMENTS = YES;
				CLANG_WARN_EMPTY_BODY = YES;
				CLANG_WARN_ENUM_CONVERSION = YES;
				CLANG_WARN_INFINITE_RECURSION = YES;
				CLANG_WARN_INT_CONVERSION = YES;
				CLANG_WARN_NON_LITERAL_NULL_CONVERSION = YES;
				CLANG_WARN_OBJC_IMPLICIT_RETAIN_SELF = YES;
				CLANG_WARN_OBJC_LITERAL_CONVERSION = YES;
				CLANG_WARN_OBJC_ROOT_CLASS = YES_ERROR;
				CLANG_WARN_QUOTED_INCLUDE_IN_FRAMEWORK_HEADER = YES;
				CLANG_WARN_RANGE_LOOP_ANALYSIS = YES;
				CLANG_WARN_STRICT_PROTOTYPES = YES;
				CLANG_WARN_SUSPICIOUS_MOVE = YES;
				CLANG_WARN_UNGUARDED_AVAILABILITY = YES_AGGRESSIVE;
				CLANG_WARN_UNREACHABLE_CODE = YES;
				CLANG_WARN__DUPLICATE_METHOD_MATCH = YES;
				COPY_PHASE_STRIP = NO;
				DEBUG_INFORMATION_FORMAT = dwarf;
				ENABLE_STRICT_OBJC_MSGSEND = YES;
				ENABLE_TESTABILITY = YES;
				ENABLE_USER_SCRIPT_SANDBOXING = YES;
				GCC_C_LANGUAGE_STANDARD = gnu17;
				GCC_DYNAMIC_NO_PIC = NO;
				GCC_NO_COMMON_BLOCKS = YES;
				GCC_OPTIMIZATION_LEVEL = 0;
				GCC_PREPROCESSOR_DEFINITIONS = (
					"DEBUG=1",
					"$(inherited)",
				);
				GCC_WARN_64_TO_32_BIT_CONVERSION = YES;
				GCC_WARN_ABOUT_RETURN_TYPE = YES_ERROR;
				GCC_WARN_UNDECLARED_SELECTOR = YES;
				GCC_WARN_UNINITIALIZED_AUTOS = YES_AGGRESSIVE;
				GCC_WARN_UNUSED_FUNCTION = YES;
				GCC_WARN_UNUSED_VARIABLE = YES;
				IPHONEOS_DEPLOYMENT_TARGET = 17.5;
				LOCALIZATION_PREFERS_STRING_CATALOGS = YES;
				MTL_ENABLE_DEBUG_INFO = INCLUDE_SOURCE;
				MTL_FAST_MATH = YES;
				ONLY_ACTIVE_ARCH = YES;
				SDKROOT = iphoneos;
				SWIFT_ACTIVE_COMPILATION_CONDITIONS = "DEBUG $(inherited)";
				SWIFT_OPTIMIZATION_LEVEL = "-Onone";
			};
			name = Debug;
		};
		8D4412862C88230900071855 /* Release */ = {
			isa = XCBuildConfiguration;
			buildSettings = {
				ALWAYS_SEARCH_USER_PATHS = NO;
				ASSETCATALOG_COMPILER_GENERATE_SWIFT_ASSET_SYMBOL_EXTENSIONS = YES;
				CLANG_ANALYZER_NONNULL = YES;
				CLANG_ANALYZER_NUMBER_OBJECT_CONVERSION = YES_AGGRESSIVE;
				CLANG_CXX_LANGUAGE_STANDARD = "gnu++20";
				CLANG_ENABLE_MODULES = YES;
				CLANG_ENABLE_OBJC_ARC = YES;
				CLANG_ENABLE_OBJC_WEAK = YES;
				CLANG_WARN_BLOCK_CAPTURE_AUTORELEASING = YES;
				CLANG_WARN_BOOL_CONVERSION = YES;
				CLANG_WARN_COMMA = YES;
				CLANG_WARN_CONSTANT_CONVERSION = YES;
				CLANG_WARN_DEPRECATED_OBJC_IMPLEMENTATIONS = YES;
				CLANG_WARN_DIRECT_OBJC_ISA_USAGE = YES_ERROR;
				CLANG_WARN_DOCUMENTATION_COMMENTS = YES;
				CLANG_WARN_EMPTY_BODY = YES;
				CLANG_WARN_ENUM_CONVERSION = YES;
				CLANG_WARN_INFINITE_RECURSION = YES;
				CLANG_WARN_INT_CONVERSION = YES;
				CLANG_WARN_NON_LITERAL_NULL_CONVERSION = YES;
				CLANG_WARN_OBJC_IMPLICIT_RETAIN_SELF = YES;
				CLANG_WARN_OBJC_LITERAL_CONVERSION = YES;
				CLANG_WARN_OBJC_ROOT_CLASS = YES_ERROR;
				CLANG_WARN_QUOTED_INCLUDE_IN_FRAMEWORK_HEADER = YES;
				CLANG_WARN_RANGE_LOOP_ANALYSIS = YES;
				CLANG_WARN_STRICT_PROTOTYPES = YES;
				CLANG_WARN_SUSPICIOUS_MOVE = YES;
				CLANG_WARN_UNGUARDED_AVAILABILITY = YES_AGGRESSIVE;
				CLANG_WARN_UNREACHABLE_CODE = YES;
				CLANG_WARN__DUPLICATE_METHOD_MATCH = YES;
				COPY_PHASE_STRIP = NO;
				DEBUG_INFORMATION_FORMAT = "dwarf-with-dsym";
				ENABLE_NS_ASSERTIONS = NO;
				ENABLE_STRICT_OBJC_MSGSEND = YES;
				ENABLE_USER_SCRIPT_SANDBOXING = YES;
				GCC_C_LANGUAGE_STANDARD = gnu17;
				GCC_NO_COMMON_BLOCKS = YES;
				GCC_WARN_64_TO_32_BIT_CONVERSION = YES;
				GCC_WARN_ABOUT_RETURN_TYPE = YES_ERROR;
				GCC_WARN_UNDECLARED_SELECTOR = YES;
				GCC_WARN_UNINITIALIZED_AUTOS = YES_AGGRESSIVE;
				GCC_WARN_UNUSED_FUNCTION = YES;
				GCC_WARN_UNUSED_VARIABLE = YES;
				IPHONEOS_DEPLOYMENT_TARGET = 17.5;
				LOCALIZATION_PREFERS_STRING_CATALOGS = YES;
				MTL_ENABLE_DEBUG_INFO = NO;
				MTL_FAST_MATH = YES;
				SDKROOT = iphoneos;
				SWIFT_COMPILATION_MODE = wholemodule;
				VALIDATE_PRODUCT = YES;
			};
			name = Release;
		};
		8D4412882C88230900071855 /* Debug */ = {
			isa = XCBuildConfiguration;
			buildSettings = {
				ASSETCATALOG_COMPILER_APPICON_NAME = AppIcon;
				ASSETCATALOG_COMPILER_GLOBAL_ACCENT_COLOR_NAME = AccentColor;
				CODE_SIGN_STYLE = Automatic;
				CURRENT_PROJECT_VERSION = 1;
				DEVELOPMENT_TEAM = V36RW5TG62;
				GENERATE_INFOPLIST_FILE = YES;
				INFOPLIST_FILE = "miniSuperApp/Support Files/Info.plist";
				INFOPLIST_KEY_UIApplicationSupportsIndirectInputEvents = YES;
				INFOPLIST_KEY_UILaunchStoryboardName = LaunchScreen;
				INFOPLIST_KEY_UISupportedInterfaceOrientations_iPad = "UIInterfaceOrientationPortrait UIInterfaceOrientationPortraitUpsideDown UIInterfaceOrientationLandscapeLeft UIInterfaceOrientationLandscapeRight";
				INFOPLIST_KEY_UISupportedInterfaceOrientations_iPhone = "UIInterfaceOrientationPortrait UIInterfaceOrientationLandscapeLeft UIInterfaceOrientationLandscapeRight";
				LD_RUNPATH_SEARCH_PATHS = (
					"$(inherited)",
					"@executable_path/Frameworks",
				);
				MARKETING_VERSION = 1.0;
				PRODUCT_BUNDLE_IDENTIFIER = learning.miniSuperApp;
				PRODUCT_NAME = "$(TARGET_NAME)";
				SWIFT_EMIT_LOC_STRINGS = YES;
				SWIFT_VERSION = 5.0;
				TARGETED_DEVICE_FAMILY = "1,2";
			};
			name = Debug;
		};
		8D4412892C88230900071855 /* Release */ = {
			isa = XCBuildConfiguration;
			buildSettings = {
				ASSETCATALOG_COMPILER_APPICON_NAME = AppIcon;
				ASSETCATALOG_COMPILER_GLOBAL_ACCENT_COLOR_NAME = AccentColor;
				CODE_SIGN_STYLE = Automatic;
				CURRENT_PROJECT_VERSION = 1;
				DEVELOPMENT_TEAM = V36RW5TG62;
				GENERATE_INFOPLIST_FILE = YES;
				INFOPLIST_FILE = "miniSuperApp/Support Files/Info.plist";
				INFOPLIST_KEY_UIApplicationSupportsIndirectInputEvents = YES;
				INFOPLIST_KEY_UILaunchStoryboardName = LaunchScreen;
				INFOPLIST_KEY_UISupportedInterfaceOrientations_iPad = "UIInterfaceOrientationPortrait UIInterfaceOrientationPortraitUpsideDown UIInterfaceOrientationLandscapeLeft UIInterfaceOrientationLandscapeRight";
				INFOPLIST_KEY_UISupportedInterfaceOrientations_iPhone = "UIInterfaceOrientationPortrait UIInterfaceOrientationLandscapeLeft UIInterfaceOrientationLandscapeRight";
				LD_RUNPATH_SEARCH_PATHS = (
					"$(inherited)",
					"@executable_path/Frameworks",
				);
				MARKETING_VERSION = 1.0;
				PRODUCT_BUNDLE_IDENTIFIER = learning.miniSuperApp;
				PRODUCT_NAME = "$(TARGET_NAME)";
				SWIFT_EMIT_LOC_STRINGS = YES;
				SWIFT_VERSION = 5.0;
				TARGETED_DEVICE_FAMILY = "1,2";
			};
			name = Release;
		};
		8D44128B2C88230900071855 /* Debug */ = {
			isa = XCBuildConfiguration;
			buildSettings = {
				ALWAYS_EMBED_SWIFT_STANDARD_LIBRARIES = YES;
				BUNDLE_LOADER = "$(TEST_HOST)";
				CODE_SIGN_STYLE = Automatic;
				CURRENT_PROJECT_VERSION = 1;
				DEVELOPMENT_TEAM = V36RW5TG62;
				GENERATE_INFOPLIST_FILE = YES;
				IPHONEOS_DEPLOYMENT_TARGET = 17.5;
				MARKETING_VERSION = 1.0;
				PRODUCT_BUNDLE_IDENTIFIER = learning.miniSuperAppTests;
				PRODUCT_NAME = "$(TARGET_NAME)";
				SWIFT_EMIT_LOC_STRINGS = NO;
				SWIFT_VERSION = 5.0;
				TARGETED_DEVICE_FAMILY = "1,2";
				TEST_HOST = "$(BUILT_PRODUCTS_DIR)/miniSuperApp.app/$(BUNDLE_EXECUTABLE_FOLDER_PATH)/miniSuperApp";
			};
			name = Debug;
		};
		8D44128C2C88230900071855 /* Release */ = {
			isa = XCBuildConfiguration;
			buildSettings = {
				ALWAYS_EMBED_SWIFT_STANDARD_LIBRARIES = YES;
				BUNDLE_LOADER = "$(TEST_HOST)";
				CODE_SIGN_STYLE = Automatic;
				CURRENT_PROJECT_VERSION = 1;
				DEVELOPMENT_TEAM = V36RW5TG62;
				GENERATE_INFOPLIST_FILE = YES;
				IPHONEOS_DEPLOYMENT_TARGET = 17.5;
				MARKETING_VERSION = 1.0;
				PRODUCT_BUNDLE_IDENTIFIER = learning.miniSuperAppTests;
				PRODUCT_NAME = "$(TARGET_NAME)";
				SWIFT_EMIT_LOC_STRINGS = NO;
				SWIFT_VERSION = 5.0;
				TARGETED_DEVICE_FAMILY = "1,2";
				TEST_HOST = "$(BUILT_PRODUCTS_DIR)/miniSuperApp.app/$(BUNDLE_EXECUTABLE_FOLDER_PATH)/miniSuperApp";
			};
			name = Release;
		};
		8D44128E2C88230900071855 /* Debug */ = {
			isa = XCBuildConfiguration;
			buildSettings = {
				ALWAYS_EMBED_SWIFT_STANDARD_LIBRARIES = YES;
				CODE_SIGN_STYLE = Automatic;
				CURRENT_PROJECT_VERSION = 1;
				DEVELOPMENT_TEAM = V36RW5TG62;
				GENERATE_INFOPLIST_FILE = YES;
				MARKETING_VERSION = 1.0;
				PRODUCT_BUNDLE_IDENTIFIER = learning.miniSuperAppUITests;
				PRODUCT_NAME = "$(TARGET_NAME)";
				SWIFT_EMIT_LOC_STRINGS = NO;
				SWIFT_VERSION = 5.0;
				TARGETED_DEVICE_FAMILY = "1,2";
				TEST_TARGET_NAME = miniSuperApp;
			};
			name = Debug;
		};
		8D44128F2C88230900071855 /* Release */ = {
			isa = XCBuildConfiguration;
			buildSettings = {
				ALWAYS_EMBED_SWIFT_STANDARD_LIBRARIES = YES;
				CODE_SIGN_STYLE = Automatic;
				CURRENT_PROJECT_VERSION = 1;
				DEVELOPMENT_TEAM = V36RW5TG62;
				GENERATE_INFOPLIST_FILE = YES;
				MARKETING_VERSION = 1.0;
				PRODUCT_BUNDLE_IDENTIFIER = learning.miniSuperAppUITests;
				PRODUCT_NAME = "$(TARGET_NAME)";
				SWIFT_EMIT_LOC_STRINGS = NO;
				SWIFT_VERSION = 5.0;
				TARGETED_DEVICE_FAMILY = "1,2";
				TEST_TARGET_NAME = miniSuperApp;
			};
			name = Release;
		};
/* End XCBuildConfiguration section */

/* Begin XCConfigurationList section */
		8D4412582C88230600071855 /* Build configuration list for PBXProject "miniSuperApp" */ = {
			isa = XCConfigurationList;
			buildConfigurations = (
				8D4412852C88230900071855 /* Debug */,
				8D4412862C88230900071855 /* Release */,
			);
			defaultConfigurationIsVisible = 0;
			defaultConfigurationName = Release;
		};
		8D4412872C88230900071855 /* Build configuration list for PBXNativeTarget "miniSuperApp" */ = {
			isa = XCConfigurationList;
			buildConfigurations = (
				8D4412882C88230900071855 /* Debug */,
				8D4412892C88230900071855 /* Release */,
			);
			defaultConfigurationIsVisible = 0;
			defaultConfigurationName = Release;
		};
		8D44128A2C88230900071855 /* Build configuration list for PBXNativeTarget "miniSuperAppTests" */ = {
			isa = XCConfigurationList;
			buildConfigurations = (
				8D44128B2C88230900071855 /* Debug */,
				8D44128C2C88230900071855 /* Release */,
			);
			defaultConfigurationIsVisible = 0;
			defaultConfigurationName = Release;
		};
		8D44128D2C88230900071855 /* Build configuration list for PBXNativeTarget "miniSuperAppUITests" */ = {
			isa = XCConfigurationList;
			buildConfigurations = (
				8D44128E2C88230900071855 /* Debug */,
				8D44128F2C88230900071855 /* Release */,
			);
			defaultConfigurationIsVisible = 0;
			defaultConfigurationName = Release;
		};
/* End XCConfigurationList section */
	};
	rootObject = 8D4412552C88230600071855 /* Project object */;
}
